
Microsoft Visual Studio Solution File, Format Version 12.00
# Visual Studio Version 16
VisualStudioVersion = 16.0.30309.148
MinimumVisualStudioVersion = 10.0.40219.1
Project("{9A19103F-16F7-4668-BE54-9A1E7A4F7556}") = "GanGaming", "GanGaming\GanGaming.csproj", "{316A04C4-1FFD-46B9-AE3D-6510DCACA1ED}"
EndProject
Global
	GlobalSection(SolutionConfigurationPlatforms) = preSolution
		Debug|Any CPU = Debug|Any CPU
		Release|Any CPU = Release|Any CPU
	EndGlobalSection
	GlobalSection(ProjectConfigurationPlatforms) = postSolution
		{316A04C4-1FFD-46B9-AE3D-6510DCACA1ED}.Debug|Any CPU.ActiveCfg = Debug|Any CPU
		{316A04C4-1FFD-46B9-AE3D-6510DCACA1ED}.Debug|Any CPU.Build.0 = Debug|Any CPU
		{316A04C4-1FFD-46B9-AE3D-6510DCACA1ED}.Release|Any CPU.ActiveCfg = Release|Any CPU
		{316A04C4-1FFD-46B9-AE3D-6510DCACA1ED}.Release|Any CPU.Build.0 = Release|Any CPU
	EndGlobalSection
	GlobalSection(SolutionProperties) = preSolution
		HideSolutionNode = FALSE
	EndGlobalSection
	GlobalSection(ExtensibilityGlobals) = postSolution
		SolutionGuid = {2CF4CAB5-1FA6-4970-87D4-4667520B9B04}
	EndGlobalSection
EndGlobal
